{
  "lockfileVersion": 2,
  "configVersion": 1,
  "workspaces": {
    "": {
      "name": "ngwg-files",
      "dependencies": {
        "@mdit/plugin-abbr": "^0.16.0",
        "@mdit/plugin-alert": "^0.16.0",
        "@mdit/plugin-footnote": "^0.16.8",
        "@mdit/plugin-mark": "^0.16.0",
        "@mdit/plugin-sub": "^0.16.0",
        "@mdit/plugin-sup": "^0.16.0",
        "highlight.js": "^11.11.1",
        "markdown-it": "^14.1.0",
        "markdown-it-admonition": "^1.0.4",
        "markdown-it-anchor": "^10.0.0",
      },
    },
  },
  "packages": {
    "@mdit/helper": ["@mdit/helper@0.16.0", "", { "dependencies": { "@types/markdown-it": "^14.1.2" }, "peerDependencies": { "markdown-it": "^14.1.0" }, "optionalPeers": ["markdown-it"] }, "sha512-vUmLSZp+7UXJIYxOya9BkD0OgjgQ+6gpX+htEnc4SKaDPx4S1E7h5TE6Wy4E9Gm/JhkMHoD6TdeoQwrN/I9cLQ=="],

    "@mdit/plugin-abbr": ["@mdit/plugin-abbr@0.16.0", "", { "dependencies": { "@types/markdown-it": "^14.1.2" }, "peerDependencies": { "markdown-it": "^14.1.0" }, "optionalPeers": ["markdown-it"] }, "sha512-MaAKSriA5FFrBiqZ/Z6wcoK4v92ZMKaYBxz0xh41CgdalKm43n+RYdeem1muVbGrmXbvhmOkJvULEWcZ0NG41A=="],

    "@mdit/plugin-alert": ["@mdit/plugin-alert@0.16.0", "", { "dependencies": { "@types/markdown-it": "^14.1.2" }, "peerDependencies": { "markdown-it": "^14.1.0" }, "optionalPeers": ["markdown-it"] }, "sha512-T+0BUVhKjp+Azp6sNdDbiZwydDIcZP6/NAg9uivPvcsDnI9u4lMRCdXI090xNJOdhHO3l/lOsoO//s+++MJNtA=="],

    "@mdit/plugin-footnote": ["@mdit/plugin-footnote@0.16.8", "", { "dependencies": { "@types/markdown-it": "^14.1.2" }, "peerDependencies": { "markdown-it": "^14.1.0" } }, "sha512-N9SLDTqjFgxYyiI0lJk+/+7KWqCk7awhG60yhPBXCo5fU2T0xPdaRQ1GDDffJBXiBjg0ekAzH9MHyNfplWsUjQ=="],

    "@mdit/plugin-mark": ["@mdit/plugin-mark@0.16.0", "", { "dependencies": { "@types/markdown-it": "^14.1.2" }, "peerDependencies": { "markdown-it": "^14.1.0" }, "optionalPeers": ["markdown-it"] }, "sha512-VY8HhLaNw6iO6E1pSZr3bG6MzyxcAdQmQ+S0r/l87S0EKHCBrUJusaUjxa9aTVHiBcgGUjg9aumribGrWfuitA=="],

    "@mdit/plugin-sub": ["@mdit/plugin-sub@0.16.0", "", { "dependencies": { "@mdit/helper": "0.16.0", "@types/markdown-it": "^14.1.2" }, "peerDependencies": { "markdown-it": "^14.1.0" }, "optionalPeers": ["markdown-it"] }, "sha512-XpGcZW11SAWuiWtx9aYugM67OLtQJSfN87Q/aZbEfm6ahgdbO5lAe/vBFTBmL9aDc2EVatytGeZL3kA7pfHlOA=="],

    "@mdit/plugin-sup": ["@mdit/plugin-sup@0.16.0", "", { "dependencies": { "@mdit/helper": "0.16.0", "@types/markdown-it": "^14.1.2" }, "peerDependencies": { "markdown-it": "^14.1.0" }, "optionalPeers": ["markdown-it"] }, "sha512-45Sws9TC9h9ZRB/IcXAae+uYXb+FkVr/rkr9eMYKMFKksjMBddN+WY3Gpl9O7LhaGPipqTkm68QZnRSS1jvFkw=="],

    "@types/linkify-it": ["@types/linkify-it@5.0.0", "", {}, "sha512-sVDA58zAw4eWAffKOaQH5/5j3XeayukzDk+ewSsnv3p4yJEZHCCzMDiZM8e0OUrRvmpGZ85jf4yDHkHsgBNr9Q=="],

    "@types/markdown-it": ["@types/markdown-it@14.2.0", "", { "dependencies": { "@types/linkify-it": "^5", "@types/mdurl": "^2" } }, "sha512-NoQ2yGlLWj4wpxMs+TYmRKk3thDrQ97agr7sFqfLsAlvoS8SNQuTrlObhFqG9iugdTtgOE9jpJ6FNM4ZGsa5xQ=="],

    "@types/mdurl": ["@types/mdurl@2.0.0", "", {}, "sha512-RGdgjQUZba5p6QEFAVx2OGb8rQDL/cPRG7GiedRzMcJ1tYnUANBncjbSB1NRGwbvjcPeikRABz2nshyPk1bhWg=="],

    "argparse": ["argparse@2.0.1", "", {}, "sha512-8+9WqebbFzpX9OR+Wa6O29asIogeRMzcGtAINdpMHHyAg10f05aSFVBbcEqGf/PXw1EjAZ+q2/bEBg3DvurK3Q=="],

    "entities": ["entities@4.5.0", "", {}, "sha512-V0hjH4dGPh9Ao5p0MoRY6BVqtwCjhz6vI5LT8AJ55H+4g9/4vbHx1I54fS0XuclLhDHArPQCiMjDxjaL8fPxhw=="],

    "highlight.js": ["highlight.js@11.12.0", "", {}, "sha512-nbfWpyRMcMrPMmDwJB+dhX/eiaPKtc2RB+0QZskqJ3WjRA/FDS0e9hZrx8EC/lbEv8gXy98FcDbNa/dspAaJMg=="],

    "linkify-it": ["linkify-it@5.0.2", "", { "dependencies": { "uc.micro": "^2.0.0" } }, "sha512-ONTm2jCMAVZjgQa/Fy1kScXsuOoF5NPTsoFBdE1KVIZ2vAh/r9+Bqo+0jINCBYnavTPQZz38QzFTme79ENoN3Q=="],

    "markdown-it": ["markdown-it@14.3.1", "", { "dependencies": { "argparse": "^2.0.1", "entities": "^4.5.0", "linkify-it": "^5.0.2", "mdurl": "^2.0.0", "punycode.js": "^2.3.1", "uc.micro": "^2.1.0" }, "bin": { "markdown-it": "bin/markdown-it.mjs" } }, "sha512-4Ej49aYTDFIQ+uBkfX8GBvJGccoARxxPep+7aWTs55ozbjQJpW9M26Fe53vnGgvLeVzva/amzjQQaQu9w0vMhA=="],

    "markdown-it-admonition": ["markdown-it-admonition@1.0.4", "", {}, "sha512-+Jow9A7tBSwSuGvQufneeT35o9Cq8+OyR+WAhhC4dOG2NvB2oCeXiaUGGyP9PCRrxQoFxZF+xoVHbo98xYAi+g=="],

    "markdown-it-anchor": ["markdown-it-anchor@10.0.0", "", { "peerDependencies": { "@types/markdown-it": "*", "markdown-it": "*" } }, "sha512-Q8g7Z6OBdH3eXF0lujFqukIxUvgCDZcjzCrJxmD6QiEzU1HWR9fVN+Bf6gxmM+0yrPFs+jUw8gNjLmUQqt6Eew=="],

    "mdurl": ["mdurl@2.1.0", "", {}, "sha512-1+HBaOx0zi/dQWht8rNv9MYf9qqpqL/kxI0hXImU6Y547zM6Sni8BQibt7ifgMcYtQg41ao3Ivd6cnSM86inpg=="],

    "punycode.js": ["punycode.js@2.3.1", "", {}, "sha512-uxFIHU0YlHYhDQtV4R9J6a52SLx28BCjT+4ieh7IGbgwVJWO+km431c4yRlREUAsAmt/uMjQUyQHNEPf0M39CA=="],

    "uc.micro": ["uc.micro@2.1.0", "", {}, "sha512-ARDJmphmdvUk6Glw7y9DQ2bFkKBHwQHLi2lsaH6PPmz/Ka9sFOBsBluozhDltWmnv9u/cF6Rt87znRTPV+yp/A=="],
  }
}
